// !$*UTF8*$!
{
	archiveVersion = 1;
	classes = {
	};
	objectVersion = 56;
	objects = {

/* Begin PBXBuildFile section */
		5D21343E2BAC466A001AF220 /* AppDelegate.swift in Sources */ = {isa = PBXBuildFile; fileRef = 5D21343D2BAC466A001AF220 /* AppDelegate.swift */; };
		5D2134402BAC466A001AF220 /* SceneDelegate.swift in Sources */ = {isa = PBXBuildFile; fileRef = 5D21343F2BAC466A001AF220 /* SceneDelegate.swift */; };
		5D2134422BAC466A001AF220 /* CalculatorVC.swift in Sources */ = {isa = PBXBuildFile; fileRef = 5D2134412BAC466A001AF220 /* CalculatorVC.swift */; };
		5D2134472BAC466B001AF220 /* Assets.xcassets in Resources */ = {isa = PBXBuildFile; fileRef = 5D2134462BAC466B001AF220 /* Assets.xcassets */; };
		5D21344A2BAC466B001AF220 /* LaunchScreen.storyboard in Resources */ = {isa = PBXBuildFile; fileRef = 5D2134482BAC466B001AF220 /* LaunchScreen.storyboard */; };
		5D2134552BAC466B001AF220 /* tip_calculatorTests.swift in Sources */ = {isa = PBXBuildFile; fileRef = 5D2134542BAC466B001AF220 /* tip_calculatorTests.swift */; };
		5D21345F2BAC466C001AF220 /* tip_calculatorUITests.swift in Sources */ = {isa = PBXBuildFile; fileRef = 5D21345E2BAC466C001AF220 /* tip_calculatorUITests.swift */; };
		5D2134612BAC466C001AF220 /* tip_calculatorUITestsLaunchTests.swift in Sources */ = {isa = PBXBuildFile; fileRef = 5D2134602BAC466C001AF220 /* tip_calculatorUITestsLaunchTests.swift */; };
		5D21346F2BAC47A9001AF220 /* CombineCocoa in Frameworks */ = {isa = PBXBuildFile; productRef = 5D21346E2BAC47A9001AF220 /* CombineCocoa */; };
		5D2134722BAC485C001AF220 /* SnapKit in Frameworks */ = {isa = PBXBuildFile; productRef = 5D2134712BAC485C001AF220 /* SnapKit */; };
		5D2134752BAC4891001AF220 /* CombineCocoa in Frameworks */ = {isa = PBXBuildFile; productRef = 5D2134742BAC4891001AF220 /* CombineCocoa */; };
		5D2134782BAC48C5001AF220 /* SnapshotTesting in Frameworks */ = {isa = PBXBuildFile; productRef = 5D2134772BAC48C5001AF220 /* SnapshotTesting */; };
		5D21347A2BAC48DC001AF220 /* CombineCocoa in Frameworks */ = {isa = PBXBuildFile; productRef = 5D2134792BAC48DC001AF220 /* CombineCocoa */; };
		5D21347D2BAC4E9E001AF220 /* LogoView.swift in Sources */ = {isa = PBXBuildFile; fileRef = 5D21347C2BAC4E9E001AF220 /* LogoView.swift */; };
		5D21347F2BAC4FF0001AF220 /* ResultView.swift in Sources */ = {isa = PBXBuildFile; fileRef = 5D21347E2BAC4FF0001AF220 /* ResultView.swift */; };
		5D2134812BAC5008001AF220 /* BillInputView.swift in Sources */ = {isa = PBXBuildFile; fileRef = 5D2134802BAC5008001AF220 /* BillInputView.swift */; };
		5D2134832BAC501E001AF220 /* TipInputView.swift in Sources */ = {isa = PBXBuildFile; fileRef = 5D2134822BAC501E001AF220 /* TipInputView.swift */; };
		5D2134852BAC5033001AF220 /* SplitInputView.swift in Sources */ = {isa = PBXBuildFile; fileRef = 5D2134842BAC5033001AF220 /* SplitInputView.swift */; };
		5D2134882BAD8E8A001AF220 /* ThemeColor.swift in Sources */ = {isa = PBXBuildFile; fileRef = 5D2134872BAD8E8A001AF220 /* ThemeColor.swift */; };
		5D21348A2BAD8E91001AF220 /* ThemeFont.swift in Sources */ = {isa = PBXBuildFile; fileRef = 5D2134892BAD8E91001AF220 /* ThemeFont.swift */; };
		5D21348D2BAD8ED0001AF220 /* UIColor+Extension.swift in Sources */ = {isa = PBXBuildFile; fileRef = 5D21348C2BAD8ED0001AF220 /* UIColor+Extension.swift */; };
		5D2134902BAD9D20001AF220 /* LabelFactor.swift in Sources */ = {isa = PBXBuildFile; fileRef = 5D21348F2BAD9D20001AF220 /* LabelFactor.swift */; };
		5D2134922BB19792001AF220 /* UIView+Extension.swift in Sources */ = {isa = PBXBuildFile; fileRef = 5D2134912BB19792001AF220 /* UIView+Extension.swift */; };
		5D2134942BB1A141001AF220 /* AmountView.swift in Sources */ = {isa = PBXBuildFile; fileRef = 5D2134932BB1A141001AF220 /* AmountView.swift */; };
		5D2134972BB1B950001AF220 /* Tip.swift in Sources */ = {isa = PBXBuildFile; fileRef = 5D2134962BB1B950001AF220 /* Tip.swift */; };
		5D2134992BB1B980001AF220 /* HeaderView.swift in Sources */ = {isa = PBXBuildFile; fileRef = 5D2134982BB1B980001AF220 /* HeaderView.swift */; };
		5D21349C2BB23997001AF220 /* CalculatorVM.swift in Sources */ = {isa = PBXBuildFile; fileRef = 5D21349B2BB23997001AF220 /* CalculatorVM.swift */; };
		5D21349E2BB23ACD001AF220 /* Result.swift in Sources */ = {isa = PBXBuildFile; fileRef = 5D21349D2BB23ACD001AF220 /* Result.swift */; };
		5D2134A02BB240ED001AF220 /* String+Extension.swift in Sources */ = {isa = PBXBuildFile; fileRef = 5D21349F2BB240ED001AF220 /* String+Extension.swift */; };
/* End PBXBuildFile section */

/* Begin PBXContainerItemProxy section */
		5D2134512BAC466B001AF220 /* PBXContainerItemProxy */ = {
			isa = PBXContainerItemProxy;
			containerPortal = 5D2134322BAC466A001AF220 /* Project object */;
			proxyType = 1;
			remoteGlobalIDString = 5D2134392BAC466A001AF220;
			remoteInfo = "tip-calculator";
		};
		5D21345B2BAC466C001AF220 /* PBXContainerItemProxy */ = {
			isa = PBXContainerItemProxy;
			containerPortal = 5D2134322BAC466A001AF220 /* Project object */;
			proxyType = 1;
			remoteGlobalIDString = 5D2134392BAC466A001AF220;
			remoteInfo = "tip-calculator";
		};
/* End PBXContainerItemProxy section */

/* Begin PBXFileReference section */
		5D21343A2BAC466A001AF220 /* tip-calculator.app */ = {isa = PBXFileReference; explicitFileType = wrapper.application; includeInIndex = 0; path = "tip-calculator.app"; sourceTree = BUILT_PRODUCTS_DIR; };
		5D21343D2BAC466A001AF220 /* AppDelegate.swift */ = {isa = PBXFileReference; lastKnownFileType = sourcecode.swift; path = AppDelegate.swift; sourceTree = "<group>"; };
		5D21343F2BAC466A001AF220 /* SceneDelegate.swift */ = {isa = PBXFileReference; lastKnownFileType = sourcecode.swift; path = SceneDelegate.swift; sourceTree = "<group>"; };
		5D2134412BAC466A001AF220 /* CalculatorVC.swift */ = {isa = PBXFileReference; lastKnownFileType = sourcecode.swift; path = CalculatorVC.swift; sourceTree = "<group>"; };
		5D2134462BAC466B001AF220 /* Assets.xcassets */ = {isa = PBXFileReference; lastKnownFileType = folder.assetcatalog; path = Assets.xcassets; sourceTree = "<group>"; };
		5D2134492BAC466B001AF220 /* Base */ = {isa = PBXFileReference; lastKnownFileType = file.storyboard; name = Base; path = Base.lproj/LaunchScreen.storyboard; sourceTree = "<group>"; };
		5D21344B2BAC466B001AF220 /* Info.plist */ = {isa = PBXFileReference; lastKnownFileType = text.plist.xml; path = Info.plist; sourceTree = "<group>"; };
		5D2134502BAC466B001AF220 /* tip-calculatorTests.xctest */ = {isa = PBXFileReference; explicitFileType = wrapper.cfbundle; includeInIndex = 0; path = "tip-calculatorTests.xctest"; sourceTree = BUILT_PRODUCTS_DIR; };
		5D2134542BAC466B001AF220 /* tip_calculatorTests.swift */ = {isa = PBXFileReference; lastKnownFileType = sourcecode.swift; path = tip_calculatorTests.swift; sourceTree = "<group>"; };
		5D21345A2BAC466C001AF220 /* tip-calculatorUITests.xctest */ = {isa = PBXFileReference; explicitFileType = wrapper.cfbundle; includeInIndex = 0; path = "tip-calculatorUITests.xctest"; sourceTree = BUILT_PRODUCTS_DIR; };
		5D21345E2BAC466C001AF220 /* tip_calculatorUITests.swift */ = {isa = PBXFileReference; lastKnownFileType = sourcecode.swift; path = tip_calculatorUITests.swift; sourceTree = "<group>"; };
		5D2134602BAC466C001AF220 /* tip_calculatorUITestsLaunchTests.swift */ = {isa = PBXFileReference; lastKnownFileType = sourcecode.swift; path = tip_calculatorUITestsLaunchTests.swift; sourceTree = "<group>"; };
		5D21347C2BAC4E9E001AF220 /* LogoView.swift */ = {isa = PBXFileReference; lastKnownFileType = sourcecode.swift; path = LogoView.swift; sourceTree = "<group>"; };
		5D21347E2BAC4FF0001AF220 /* ResultView.swift */ = {isa = PBXFileReference; lastKnownFileType = sourcecode.swift; path = ResultView.swift; sourceTree = "<group>"; };
		5D2134802BAC5008001AF220 /* BillInputView.swift */ = {isa = PBXFileReference; lastKnownFileType = sourcecode.swift; path = BillInputView.swift; sourceTree = "<group>"; };
		5D2134822BAC501E001AF220 /* TipInputView.swift */ = {isa = PBXFileReference; lastKnownFileType = sourcecode.swift; path = TipInputView.swift; sourceTree = "<group>"; };
		5D2134842BAC5033001AF220 /* SplitInputView.swift */ = {isa = PBXFileReference; lastKnownFileType = sourcecode.swift; path = SplitInputView.swift; sourceTree = "<group>"; };
		5D2134872BAD8E8A001AF220 /* ThemeColor.swift */ = {isa = PBXFileReference; lastKnownFileType = sourcecode.swift; path = ThemeColor.swift; sourceTree = "<group>"; };
		5D2134892BAD8E91001AF220 /* ThemeFont.swift */ = {isa = PBXFileReference; lastKnownFileType = sourcecode.swift; path = ThemeFont.swift; sourceTree = "<group>"; };
		5D21348C2BAD8ED0001AF220 /* UIColor+Extension.swift */ = {isa = PBXFileReference; lastKnownFileType = sourcecode.swift; path = "UIColor+Extension.swift"; sourceTree = "<group>"; };
		5D21348F2BAD9D20001AF220 /* LabelFactor.swift */ = {isa = PBXFileReference; lastKnownFileType = sourcecode.swift; path = LabelFactor.swift; sourceTree = "<group>"; };
		5D2134912BB19792001AF220 /* UIView+Extension.swift */ = {isa = PBXFileReference; lastKnownFileType = sourcecode.swift; path = "UIView+Extension.swift"; sourceTree = "<group>"; };
		5D2134932BB1A141001AF220 /* AmountView.swift */ = {isa = PBXFileReference; lastKnownFileType = sourcecode.swift; path = AmountView.swift; sourceTree = "<group>"; };
		5D2134962BB1B950001AF220 /* Tip.swift */ = {isa = PBXFileReference; lastKnownFileType = sourcecode.swift; path = Tip.swift; sourceTree = "<group>"; };
		5D2134982BB1B980001AF220 /* HeaderView.swift */ = {isa = PBXFileReference; lastKnownFileType = sourcecode.swift; path = HeaderView.swift; sourceTree = "<group>"; };
		5D21349B2BB23997001AF220 /* CalculatorVM.swift */ = {isa = PBXFileReference; lastKnownFileType = sourcecode.swift; path = CalculatorVM.swift; sourceTree = "<group>"; };
		5D21349D2BB23ACD001AF220 /* Result.swift */ = {isa = PBXFileReference; lastKnownFileType = sourcecode.swift; path = Result.swift; sourceTree = "<group>"; };
		5D21349F2BB240ED001AF220 /* String+Extension.swift */ = {isa = PBXFileReference; lastKnownFileType = sourcecode.swift; path = "String+Extension.swift"; sourceTree = "<group>"; };
/* End PBXFileReference section */

/* Begin PBXFrameworksBuildPhase section */
		5D2134372BAC466A001AF220 /* Frameworks */ = {
			isa = PBXFrameworksBuildPhase;
			buildActionMask = 2147483647;
			files = (
				5D21346F2BAC47A9001AF220 /* CombineCocoa in Frameworks */,
				5D2134722BAC485C001AF220 /* SnapKit in Frameworks */,
			);
			runOnlyForDeploymentPostprocessing = 0;
		};
		5D21344D2BAC466B001AF220 /* Frameworks */ = {
			isa = PBXFrameworksBuildPhase;
			buildActionMask = 2147483647;
			files = (
				5D2134752BAC4891001AF220 /* CombineCocoa in Frameworks */,
				5D2134782BAC48C5001AF220 /* SnapshotTesting in Frameworks */,
			);
			runOnlyForDeploymentPostprocessing = 0;
		};
		5D2134572BAC466C001AF220 /* Frameworks */ = {
			isa = PBXFrameworksBuildPhase;
			buildActionMask = 2147483647;
			files = (
				5D21347A2BAC48DC001AF220 /* CombineCocoa in Frameworks */,
			);
			runOnlyForDeploymentPostprocessing = 0;
		};
/* End PBXFrameworksBuildPhase section */

/* Begin PBXGroup section */
		5D2134312BAC466A001AF220 = {
			isa = PBXGroup;
			children = (
				5D21343C2BAC466A001AF220 /* tip-calculator */,
				5D2134532BAC466B001AF220 /* tip-calculatorTests */,
				5D21345D2BAC466C001AF220 /* tip-calculatorUITests */,
				5D21343B2BAC466A001AF220 /* Products */,
				5D2134732BAC4891001AF220 /* Frameworks */,
			);
			sourceTree = "<group>";
		};
		5D21343B2BAC466A001AF220 /* Products */ = {
			isa = PBXGroup;
			children = (
				5D21343A2BAC466A001AF220 /* tip-calculator.app */,
				5D2134502BAC466B001AF220 /* tip-calculatorTests.xctest */,
				5D21345A2BAC466C001AF220 /* tip-calculatorUITests.xctest */,
			);
			name = Products;
			sourceTree = "<group>";
		};
		5D21343C2BAC466A001AF220 /* tip-calculator */ = {
			isa = PBXGroup;
			children = (
				5D21349A2BB2395A001AF220 /* viewModel */,
				5D2134952BB1B945001AF220 /* model */,
				5D21348E2BAD9D10001AF220 /* factory */,
				5D21348B2BAD8EB5001AF220 /* extension */,
				5D2134862BAD8E7C001AF220 /* config */,
				5D21347B2BAC4E92001AF220 /* view */,
				5D21343D2BAC466A001AF220 /* AppDelegate.swift */,
				5D21343F2BAC466A001AF220 /* SceneDelegate.swift */,
				5D2134412BAC466A001AF220 /* CalculatorVC.swift */,
				5D2134462BAC466B001AF220 /* Assets.xcassets */,
				5D2134482BAC466B001AF220 /* LaunchScreen.storyboard */,
				5D21344B2BAC466B001AF220 /* Info.plist */,
			);
			path = "tip-calculator";
			sourceTree = "<group>";
		};
		5D2134532BAC466B001AF220 /* tip-calculatorTests */ = {
			isa = PBXGroup;
			children = (
				5D2134542BAC466B001AF220 /* tip_calculatorTests.swift */,
			);
			path = "tip-calculatorTests";
			sourceTree = "<group>";
		};
		5D21345D2BAC466C001AF220 /* tip-calculatorUITests */ = {
			isa = PBXGroup;
			children = (
				5D21345E2BAC466C001AF220 /* tip_calculatorUITests.swift */,
				5D2134602BAC466C001AF220 /* tip_calculatorUITestsLaunchTests.swift */,
			);
			path = "tip-calculatorUITests";
			sourceTree = "<group>";
		};
		5D2134732BAC4891001AF220 /* Frameworks */ = {
			isa = PBXGroup;
			children = (
			);
			name = Frameworks;
			sourceTree = "<group>";
		};
		5D21347B2BAC4E92001AF220 /* view */ = {
			isa = PBXGroup;
			children = (
				5D21347C2BAC4E9E001AF220 /* LogoView.swift */,
				5D21347E2BAC4FF0001AF220 /* ResultView.swift */,
				5D2134802BAC5008001AF220 /* BillInputView.swift */,
				5D2134822BAC501E001AF220 /* TipInputView.swift */,
				5D2134842BAC5033001AF220 /* SplitInputView.swift */,
				5D2134932BB1A141001AF220 /* AmountView.swift */,
				5D2134982BB1B980001AF220 /* HeaderView.swift */,
			);
			path = view;
			sourceTree = "<group>";
		};
		5D2134862BAD8E7C001AF220 /* config */ = {
			isa = PBXGroup;
			children = (
				5D2134872BAD8E8A001AF220 /* ThemeColor.swift */,
				5D2134892BAD8E91001AF220 /* ThemeFont.swift */,
			);
			path = config;
			sourceTree = "<group>";
		};
		5D21348B2BAD8EB5001AF220 /* extension */ = {
			isa = PBXGroup;
			children = (
				5D21348C2BAD8ED0001AF220 /* UIColor+Extension.swift */,
				5D2134912BB19792001AF220 /* UIView+Extension.swift */,
				5D21349F2BB240ED001AF220 /* String+Extension.swift */,
			);
			path = extension;
			sourceTree = "<group>";
		};
		5D21348E2BAD9D10001AF220 /* factory */ = {
			isa = PBXGroup;
			children = (
				5D21348F2BAD9D20001AF220 /* LabelFactor.swift */,
			);
			path = factory;
			sourceTree = "<group>";
		};
		5D2134952BB1B945001AF220 /* model */ = {
			isa = PBXGroup;
			children = (
				5D2134962BB1B950001AF220 /* Tip.swift */,
				5D21349D2BB23ACD001AF220 /* Result.swift */,
			);
			path = model;
			sourceTree = "<group>";
		};
		5D21349A2BB2395A001AF220 /* viewModel */ = {
			isa = PBXGroup;
			children = (
				5D21349B2BB23997001AF220 /* CalculatorVM.swift */,
			);
			path = viewModel;
			sourceTree = "<group>";
		};
/* End PBXGroup section */

/* Begin PBXNativeTarget section */
		5D2134392BAC466A001AF220 /* tip-calculator */ = {
			isa = PBXNativeTarget;
			buildConfigurationList = 5D2134642BAC466C001AF220 /* Build configuration list for PBXNativeTarget "tip-calculator" */;
			buildPhases = (
				5D2134362BAC466A001AF220 /* Sources */,
				5D2134372BAC466A001AF220 /* Frameworks */,
				5D2134382BAC466A001AF220 /* Resources */,
			);
			buildRules = (
			);
			dependencies = (
			);
			name = "tip-calculator";
			packageProductDependencies = (
				5D21346E2BAC47A9001AF220 /* CombineCocoa */,
				5D2134712BAC485C001AF220 /* SnapKit */,
			);
			productName = "tip-calculator";
			productReference = 5D21343A2BAC466A001AF220 /* tip-calculator.app */;
			productType = "com.apple.product-type.application";
		};
		5D21344F2BAC466B001AF220 /* tip-calculatorTests */ = {
			isa = PBXNativeTarget;
			buildConfigurationList = 5D2134672BAC466C001AF220 /* Build configuration list for PBXNativeTarget "tip-calculatorTests" */;
			buildPhases = (
				5D21344C2BAC466B001AF220 /* Sources */,
				5D21344D2BAC466B001AF220 /* Frameworks */,
				5D21344E2BAC466B001AF220 /* Resources */,
			);
			buildRules = (
			);
			dependencies = (
				5D2134522BAC466B001AF220 /* PBXTargetDependency */,
			);
			name = "tip-calculatorTests";
			packageProductDependencies = (
				5D2134742BAC4891001AF220 /* CombineCocoa */,
				5D2134772BAC48C5001AF220 /* SnapshotTesting */,
			);
			productName = "tip-calculatorTests";
			productReference = 5D2134502BAC466B001AF220 /* tip-calculatorTests.xctest */;
			productType = "com.apple.product-type.bundle.unit-test";
		};
		5D2134592BAC466C001AF220 /* tip-calculatorUITests */ = {
			isa = PBXNativeTarget;
			buildConfigurationList = 5D21346A2BAC466C001AF220 /* Build configuration list for PBXNativeTarget "tip-calculatorUITests" */;
			buildPhases = (
				5D2134562BAC466C001AF220 /* Sources */,
				5D2134572BAC466C001AF220 /* Frameworks */,
				5D2134582BAC466C001AF220 /* Resources */,
			);
			buildRules = (
			);
			dependencies = (
				5D21345C2BAC466C001AF220 /* PBXTargetDependency */,
			);
			name = "tip-calculatorUITests";
			packageProductDependencies = (
				5D2134792BAC48DC001AF220 /* CombineCocoa */,
			);
			productName = "tip-calculatorUITests";
			productReference = 5D21345A2BAC466C001AF220 /* tip-calculatorUITests.xctest */;
			productType = "com.apple.product-type.bundle.ui-testing";
		};
/* End PBXNativeTarget section */

/* Begin PBXProject section */
		5D2134322BAC466A001AF220 /* Project object */ = {
			isa = PBXProject;
			attributes = {
				BuildIndependentTargetsInParallel = 1;
				LastSwiftUpdateCheck = 1500;
				LastUpgradeCheck = 1500;
				TargetAttributes = {
					5D2134392BAC466A001AF220 = {
						CreatedOnToolsVersion = 15.0.1;
					};
					5D21344F2BAC466B001AF220 = {
						CreatedOnToolsVersion = 15.0.1;
						TestTargetID = 5D2134392BAC466A001AF220;
					};
					5D2134592BAC466C001AF220 = {
						CreatedOnToolsVersion = 15.0.1;
						TestTargetID = 5D2134392BAC466A001AF220;
					};
				};
			};
			buildConfigurationList = 5D2134352BAC466A001AF220 /* Build configuration list for PBXProject "tip-calculator" */;
			compatibilityVersion = "Xcode 14.0";
			developmentRegion = en;
			hasScannedForEncodings = 0;
			knownRegions = (
				en,
				Base,
			);
			mainGroup = 5D2134312BAC466A001AF220;
			packageReferences = (
				5D21346D2BAC47A9001AF220 /* XCRemoteSwiftPackageReference "CombineCocoa" */,
				5D2134702BAC485C001AF220 /* XCRemoteSwiftPackageReference "SnapKit" */,
				5D2134762BAC48C5001AF220 /* XCRemoteSwiftPackageReference "swift-snapshot-testing" */,
			);
			productRefGroup = 5D21343B2BAC466A001AF220 /* Products */;
			projectDirPath = "";
			projectRoot = "";
			targets = (
				5D2134392BAC466A001AF220 /* tip-calculator */,
				5D21344F2BAC466B001AF220 /* tip-calculatorTests */,
				5D2134592BAC466C001AF220 /* tip-calculatorUITests */,
			);
		};
/* End PBXProject section */

/* Begin PBXResourcesBuildPhase section */
		5D2134382BAC466A001AF220 /* Resources */ = {
			isa = PBXResourcesBuildPhase;
			buildActionMask = 2147483647;
			files = (
				5D21344A2BAC466B001AF220 /* LaunchScreen.storyboard in Resources */,
				5D2134472BAC466B001AF220 /* Assets.xcassets in Resources */,
			);
			runOnlyForDeploymentPostprocessing = 0;
		};
		5D21344E2BAC466B001AF220 /* Resources */ = {
			isa = PBXResourcesBuildPhase;
			buildActionMask = 2147483647;
			files = (
			);
			runOnlyForDeploymentPostprocessing = 0;
		};
		5D2134582BAC466C001AF220 /* Resources */ = {
			isa = PBXResourcesBuildPhase;
			buildActionMask = 2147483647;
			files = (
			);
			runOnlyForDeploymentPostprocessing = 0;
		};
/* End PBXResourcesBuildPhase section */

/* Begin PBXSourcesBuildPhase section */
		5D2134362BAC466A001AF220 /* Sources */ = {
			isa = PBXSourcesBuildPhase;
			buildActionMask = 2147483647;
			files = (
				5D21349E2BB23ACD001AF220 /* Result.swift in Sources */,
				5D21349C2BB23997001AF220 /* CalculatorVM.swift in Sources */,
				5D2134942BB1A141001AF220 /* AmountView.swift in Sources */,
				5D2134A02BB240ED001AF220 /* String+Extension.swift in Sources */,
				5D2134422BAC466A001AF220 /* CalculatorVC.swift in Sources */,
				5D2134922BB19792001AF220 /* UIView+Extension.swift in Sources */,
				5D21347D2BAC4E9E001AF220 /* LogoView.swift in Sources */,
				5D2134882BAD8E8A001AF220 /* ThemeColor.swift in Sources */,
				5D2134812BAC5008001AF220 /* BillInputView.swift in Sources */,
				5D21347F2BAC4FF0001AF220 /* ResultView.swift in Sources */,
				5D21343E2BAC466A001AF220 /* AppDelegate.swift in Sources */,
				5D21348A2BAD8E91001AF220 /* ThemeFont.swift in Sources */,
				5D2134902BAD9D20001AF220 /* LabelFactor.swift in Sources */,
				5D2134402BAC466A001AF220 /* SceneDelegate.swift in Sources */,
				5D21348D2BAD8ED0001AF220 /* UIColor+Extension.swift in Sources */,
				5D2134972BB1B950001AF220 /* Tip.swift in Sources */,
				5D2134852BAC5033001AF220 /* SplitInputView.swift in Sources */,
				5D2134832BAC501E001AF220 /* TipInputView.swift in Sources */,
				5D2134992BB1B980001AF220 /* HeaderView.swift in Sources */,
			);
			runOnlyForDeploymentPostprocessing = 0;
		};
		5D21344C2BAC466B001AF220 /* Sources */ = {
			isa = PBXSourcesBuildPhase;
			buildActionMask = 2147483647;
			files = (
				5D2134552BAC466B001AF220 /* tip_calculatorTests.swift in Sources */,
			);
			runOnlyForDeploymentPostprocessing = 0;
		};
		5D2134562BAC466C001AF220 /* Sources */ = {
			isa = PBXSourcesBuildPhase;
			buildActionMask = 2147483647;
			files = (
				5D2134612BAC466C001AF220 /* tip_calculatorUITestsLaunchTests.swift in Sources */,
				5D21345F2BAC466C001AF220 /* tip_calculatorUITests.swift in Sources */,
			);
			runOnlyForDeploymentPostprocessing = 0;
		};
/* End PBXSourcesBuildPhase section */

/* Begin PBXTargetDependency section */
		5D2134522BAC466B001AF220 /* PBXTargetDependency */ = {
			isa = PBXTargetDependency;
			target = 5D2134392BAC466A001AF220 /* tip-calculator */;
			targetProxy = 5D2134512BAC466B001AF220 /* PBXContainerItemProxy */;
		};
		5D21345C2BAC466C001AF220 /* PBXTargetDependency */ = {
			isa = PBXTargetDependency;
			target = 5D2134392BAC466A001AF220 /* tip-calculator */;
			targetProxy = 5D21345B2BAC466C001AF220 /* PBXContainerItemProxy */;
		};
/* End PBXTargetDependency section */

/* Begin PBXVariantGroup section */
		5D2134482BAC466B001AF220 /* LaunchScreen.storyboard */ = {
			isa = PBXVariantGroup;
			children = (
				5D2134492BAC466B001AF220 /* Base */,
			);
			name = LaunchScreen.storyboard;
			sourceTree = "<group>";
		};
/* End PBXVariantGroup section */

/* Begin XCBuildConfiguration section */
		5D2134622BAC466C001AF220 /* Debug */ = {
			isa = XCBuildConfiguration;
			buildSettings = {
				ALWAYS_SEARCH_USER_PATHS = NO;
				ASSETCATALOG_COMPILER_GENERATE_SWIFT_ASSET_SYMBOL_EXTENSIONS = YES;
				CLANG_ANALYZER_NONNULL = YES;
				CLANG_ANALYZER_NUMBER_OBJECT_CONVERSION = YES_AGGRESSIVE;
				CLANG_CXX_LANGUAGE_STANDARD = "gnu++20";
				CLANG_ENABLE_MODULES = YES;
				CLANG_ENABLE_OBJC_ARC = YES;
				CLANG_ENABLE_OBJC_WEAK = YES;
				CLANG_WARN_BLOCK_CAPTURE_AUTORELEASING = YES;
				CLANG_WARN_BOOL_CONVERSION = YES;
				CLANG_WARN_COMMA = YES;
				CLANG_WARN_CONSTANT_CONVERSION = YES;
				CLANG_WARN_DEPRECATED_OBJC_IMPLEMENTATIONS = YES;
				CLANG_WARN_DIRECT_OBJC_ISA_USAGE = YES_ERROR;
				CLANG_WARN_DOCUMENTATION_COMMENTS = YES;
				CLANG_WARN_EMPTY_BODY = YES;
				CLANG_WARN_ENUM_CONVERSION = YES;
				CLANG_WARN_INFINITE_RECURSION = YES;
				CLANG_WARN_INT_CONVERSION = YES;
				CLANG_WARN_NON_LITERAL_NULL_CONVERSION = YES;
				CLANG_WARN_OBJC_IMPLICIT_RETAIN_SELF = YES;
				CLANG_WARN_OBJC_LITERAL_CONVERSION = YES;
				CLANG_WARN_OBJC_ROOT_CLASS = YES_ERROR;
				CLANG_WARN_QUOTED_INCLUDE_IN_FRAMEWORK_HEADER = YES;
				CLANG_WARN_RANGE_LOOP_ANALYSIS = YES;
				CLANG_WARN_STRICT_PROTOTYPES = YES;
				CLANG_WARN_SUSPICIOUS_MOVE = YES;
				CLANG_WARN_UNGUARDED_AVAILABILITY = YES_AGGRESSIVE;
				CLANG_WARN_UNREACHABLE_CODE = YES;
				CLANG_WARN__DUPLICATE_METHOD_MATCH = YES;
				COPY_PHASE_STRIP = NO;
				DEBUG_INFORMATION_FORMAT = dwarf;
				ENABLE_STRICT_OBJC_MSGSEND = YES;
				ENABLE_TESTABILITY = YES;
				ENABLE_USER_SCRIPT_SANDBOXING = YES;
				GCC_C_LANGUAGE_STANDARD = gnu17;
				GCC_DYNAMIC_NO_PIC = NO;
				GCC_NO_COMMON_BLOCKS = YES;
				GCC_OPTIMIZATION_LEVEL = 0;
				GCC_PREPROCESSOR_DEFINITIONS = (
					"DEBUG=1",
					"$(inherited)",
				);
				GCC_WARN_64_TO_32_BIT_CONVERSION = YES;
				GCC_WARN_ABOUT_RETURN_TYPE = YES_ERROR;
				GCC_WARN_UNDECLARED_SELECTOR = YES;
				GCC_WARN_UNINITIALIZED_AUTOS = YES_AGGRESSIVE;
				GCC_WARN_UNUSED_FUNCTION = YES;
				GCC_WARN_UNUSED_VARIABLE = YES;
				IPHONEOS_DEPLOYMENT_TARGET = 17.0;
				LOCALIZATION_PREFERS_STRING_CATALOGS = YES;
				MTL_ENABLE_DEBUG_INFO = INCLUDE_SOURCE;
				MTL_FAST_MATH = YES;
				ONLY_ACTIVE_ARCH = YES;
				SDKROOT = iphoneos;
				SWIFT_ACTIVE_COMPILATION_CONDITIONS = "DEBUG $(inherited)";
				SWIFT_OPTIMIZATION_LEVEL = "-Onone";
			};
			name = Debug;
		};
		5D2134632BAC466C001AF220 /* Release */ = {
			isa = XCBuildConfiguration;
			buildSettings = {
				ALWAYS_SEARCH_USER_PATHS = NO;
				ASSETCATALOG_COMPILER_GENERATE_SWIFT_ASSET_SYMBOL_EXTENSIONS = YES;
				CLANG_ANALYZER_NONNULL = YES;
				CLANG_ANALYZER_NUMBER_OBJECT_CONVERSION = YES_AGGRESSIVE;
				CLANG_CXX_LANGUAGE_STANDARD = "gnu++20";
				CLANG_ENABLE_MODULES = YES;
				CLANG_ENABLE_OBJC_ARC = YES;
				CLANG_ENABLE_OBJC_WEAK = YES;
				CLANG_WARN_BLOCK_CAPTURE_AUTORELEASING = YES;
				CLANG_WARN_BOOL_CONVERSION = YES;
				CLANG_WARN_COMMA = YES;
				CLANG_WARN_CONSTANT_CONVERSION = YES;
				CLANG_WARN_DEPRECATED_OBJC_IMPLEMENTATIONS = YES;
				CLANG_WARN_DIRECT_OBJC_ISA_USAGE = YES_ERROR;
				CLANG_WARN_DOCUMENTATION_COMMENTS = YES;
				CLANG_WARN_EMPTY_BODY = YES;
				CLANG_WARN_ENUM_CONVERSION = YES;
				CLANG_WARN_INFINITE_RECURSION = YES;
				CLANG_WARN_INT_CONVERSION = YES;
				CLANG_WARN_NON_LITERAL_NULL_CONVERSION = YES;
				CLANG_WARN_OBJC_IMPLICIT_RETAIN_SELF = YES;
				CLANG_WARN_OBJC_LITERAL_CONVERSION = YES;
				CLANG_WARN_OBJC_ROOT_CLASS = YES_ERROR;
				CLANG_WARN_QUOTED_INCLUDE_IN_FRAMEWORK_HEADER = YES;
				CLANG_WARN_RANGE_LOOP_ANALYSIS = YES;
				CLANG_WARN_STRICT_PROTOTYPES = YES;
				CLANG_WARN_SUSPICIOUS_MOVE = YES;
				CLANG_WARN_UNGUARDED_AVAILABILITY = YES_AGGRESSIVE;
				CLANG_WARN_UNREACHABLE_CODE = YES;
				CLANG_WARN__DUPLICATE_METHOD_MATCH = YES;
				COPY_PHASE_STRIP = NO;
				DEBUG_INFORMATION_FORMAT = "dwarf-with-dsym";
				ENABLE_NS_ASSERTIONS = NO;
				ENABLE_STRICT_OBJC_MSGSEND = YES;
				ENABLE_USER_SCRIPT_SANDBOXING = YES;
				GCC_C_LANGUAGE_STANDARD = gnu17;
				GCC_NO_COMMON_BLOCKS = YES;
				GCC_WARN_64_TO_32_BIT_CONVERSION = YES;
				GCC_WARN_ABOUT_RETURN_TYPE = YES_ERROR;
				GCC_WARN_UNDECLARED_SELECTOR = YES;
				GCC_WARN_UNINITIALIZED_AUTOS = YES_AGGRESSIVE;
				GCC_WARN_UNUSED_FUNCTION = YES;
				GCC_WARN_UNUSED_VARIABLE = YES;
				IPHONEOS_DEPLOYMENT_TARGET = 17.0;
				LOCALIZATION_PREFERS_STRING_CATALOGS = YES;
				MTL_ENABLE_DEBUG_INFO = NO;
				MTL_FAST_MATH = YES;
				SDKROOT = iphoneos;
				SWIFT_COMPILATION_MODE = wholemodule;
				VALIDATE_PRODUCT = YES;
			};
			name = Release;
		};
		5D2134652BAC466C001AF220 /* Debug */ = {
			isa = XCBuildConfiguration;
			buildSettings = {
				ASSETCATALOG_COMPILER_APPICON_NAME = AppIcon;
				ASSETCATALOG_COMPILER_GLOBAL_ACCENT_COLOR_NAME = AccentColor;
				CODE_SIGN_STYLE = Automatic;
				CURRENT_PROJECT_VERSION = 1;
				GENERATE_INFOPLIST_FILE = YES;
				INFOPLIST_FILE = "tip-calculator/Info.plist";
				INFOPLIST_KEY_UIApplicationSupportsIndirectInputEvents = YES;
				INFOPLIST_KEY_UILaunchStoryboardName = LaunchScreen;
				INFOPLIST_KEY_UISupportedInterfaceOrientations_iPad = "UIInterfaceOrientationPortrait UIInterfaceOrientationPortraitUpsideDown UIInterfaceOrientationLandscapeLeft UIInterfaceOrientationLandscapeRight";
				INFOPLIST_KEY_UISupportedInterfaceOrientations_iPhone = "UIInterfaceOrientationPortrait UIInterfaceOrientationLandscapeLeft UIInterfaceOrientationLandscapeRight";
				LD_RUNPATH_SEARCH_PATHS = (
					"$(inherited)",
					"@executable_path/Frameworks",
				);
				MARKETING_VERSION = 1.0;
				PRODUCT_BUNDLE_IDENTIFIER = "com.tip-calculator";
				PRODUCT_NAME = "$(TARGET_NAME)";
				SWIFT_EMIT_LOC_STRINGS = YES;
				SWIFT_VERSION = 5.0;
				TARGETED_DEVICE_FAMILY = "1,2";
			};
			name = Debug;
		};
		5D2134662BAC466C001AF220 /* Release */ = {
			isa = XCBuildConfiguration;
			buildSettings = {
				ASSETCATALOG_COMPILER_APPICON_NAME = AppIcon;
				ASSETCATALOG_COMPILER_GLOBAL_ACCENT_COLOR_NAME = AccentColor;
				CODE_SIGN_STYLE = Automatic;
				CURRENT_PROJECT_VERSION = 1;
				GENERATE_INFOPLIST_FILE = YES;
				INFOPLIST_FILE = "tip-calculator/Info.plist";
				INFOPLIST_KEY_UIApplicationSupportsIndirectInputEvents = YES;
				INFOPLIST_KEY_UILaunchStoryboardName = LaunchScreen;
				INFOPLIST_KEY_UISupportedInterfaceOrientations_iPad = "UIInterfaceOrientationPortrait UIInterfaceOrientationPortraitUpsideDown UIInterfaceOrientationLandscapeLeft UIInterfaceOrientationLandscapeRight";
				INFOPLIST_KEY_UISupportedInterfaceOrientations_iPhone = "UIInterfaceOrientationPortrait UIInterfaceOrientationLandscapeLeft UIInterfaceOrientationLandscapeRight";
				LD_RUNPATH_SEARCH_PATHS = (
					"$(inherited)",
					"@executable_path/Frameworks",
				);
				MARKETING_VERSION = 1.0;
				PRODUCT_BUNDLE_IDENTIFIER = "com.tip-calculator";
				PRODUCT_NAME = "$(TARGET_NAME)";
				SWIFT_EMIT_LOC_STRINGS = YES;
				SWIFT_VERSION = 5.0;
				TARGETED_DEVICE_FAMILY = "1,2";
			};
			name = Release;
		};
		5D2134682BAC466C001AF220 /* Debug */ = {
			isa = XCBuildConfiguration;
			buildSettings = {
				ALWAYS_EMBED_SWIFT_STANDARD_LIBRARIES = YES;
				BUNDLE_LOADER = "$(TEST_HOST)";
				CODE_SIGN_STYLE = Automatic;
				CURRENT_PROJECT_VERSION = 1;
				GENERATE_INFOPLIST_FILE = YES;
				IPHONEOS_DEPLOYMENT_TARGET = 17.0;
				MARKETING_VERSION = 1.0;
				PRODUCT_BUNDLE_IDENTIFIER = "com.tip-calculatorTests";
				PRODUCT_NAME = "$(TARGET_NAME)";
				SWIFT_EMIT_LOC_STRINGS = NO;
				SWIFT_VERSION = 5.0;
				TARGETED_DEVICE_FAMILY = "1,2";
				TEST_HOST = "$(BUILT_PRODUCTS_DIR)/tip-calculator.app/$(BUNDLE_EXECUTABLE_FOLDER_PATH)/tip-calculator";
			};
			name = Debug;
		};
		5D2134692BAC466C001AF220 /* Release */ = {
			isa = XCBuildConfiguration;
			buildSettings = {
				ALWAYS_EMBED_SWIFT_STANDARD_LIBRARIES = YES;
				BUNDLE_LOADER = "$(TEST_HOST)";
				CODE_SIGN_STYLE = Automatic;
				CURRENT_PROJECT_VERSION = 1;
				GENERATE_INFOPLIST_FILE = YES;
				IPHONEOS_DEPLOYMENT_TARGET = 17.0;
				MARKETING_VERSION = 1.0;
				PRODUCT_BUNDLE_IDENTIFIER = "com.tip-calculatorTests";
				PRODUCT_NAME = "$(TARGET_NAME)";
				SWIFT_EMIT_LOC_STRINGS = NO;
				SWIFT_VERSION = 5.0;
				TARGETED_DEVICE_FAMILY = "1,2";
				TEST_HOST = "$(BUILT_PRODUCTS_DIR)/tip-calculator.app/$(BUNDLE_EXECUTABLE_FOLDER_PATH)/tip-calculator";
			};
			name = Release;
		};
		5D21346B2BAC466C001AF220 /* Debug */ = {
			isa = XCBuildConfiguration;
			buildSettings = {
				ALWAYS_EMBED_SWIFT_STANDARD_LIBRARIES = YES;
				CODE_SIGN_STYLE = Automatic;
				CURRENT_PROJECT_VERSION = 1;
				GENERATE_INFOPLIST_FILE = YES;
				MARKETING_VERSION = 1.0;
				PRODUCT_BUNDLE_IDENTIFIER = "com.tip-calculatorUITests";
				PRODUCT_NAME = "$(TARGET_NAME)";
				SWIFT_EMIT_LOC_STRINGS = NO;
				SWIFT_VERSION = 5.0;
				TARGETED_DEVICE_FAMILY = "1,2";
				TEST_TARGET_NAME = "tip-calculator";
			};
			name = Debug;
		};
		5D21346C2BAC466C001AF220 /* Release */ = {
			isa = XCBuildConfiguration;
			buildSettings = {
				ALWAYS_EMBED_SWIFT_STANDARD_LIBRARIES = YES;
				CODE_SIGN_STYLE = Automatic;
				CURRENT_PROJECT_VERSION = 1;
				GENERATE_INFOPLIST_FILE = YES;
				MARKETING_VERSION = 1.0;
				PRODUCT_BUNDLE_IDENTIFIER = "com.tip-calculatorUITests";
				PRODUCT_NAME = "$(TARGET_NAME)";
				SWIFT_EMIT_LOC_STRINGS = NO;
				SWIFT_VERSION = 5.0;
				TARGETED_DEVICE_FAMILY = "1,2";
				TEST_TARGET_NAME = "tip-calculator";
			};
			name = Release;
		};
/* End XCBuildConfiguration section */

/* Begin XCConfigurationList section */
		5D2134352BAC466A001AF220 /* Build configuration list for PBXProject "tip-calculator" */ = {
			isa = XCConfigurationList;
			buildConfigurations = (
				5D2134622BAC466C001AF220 /* Debug */,
				5D2134632BAC466C001AF220 /* Release */,
			);
			defaultConfigurationIsVisible = 0;
			defaultConfigurationName = Release;
		};
		5D2134642BAC466C001AF220 /* Build configuration list for PBXNativeTarget "tip-calculator" */ = {
			isa = XCConfigurationList;
			buildConfigurations = (
				5D2134652BAC466C001AF220 /* Debug */,
				5D2134662BAC466C001AF220 /* Release */,
			);
			defaultConfigurationIsVisible = 0;
			defaultConfigurationName = Release;
		};
		5D2134672BAC466C001AF220 /* Build configuration list for PBXNativeTarget "tip-calculatorTests" */ = {
			isa = XCConfigurationList;
			buildConfigurations = (
				5D2134682BAC466C001AF220 /* Debug */,
				5D2134692BAC466C001AF220 /* Release */,
			);
			defaultConfigurationIsVisible = 0;
			defaultConfigurationName = Release;
		};
		5D21346A2BAC466C001AF220 /* Build configuration list for PBXNativeTarget "tip-calculatorUITests" */ = {
			isa = XCConfigurationList;
			buildConfigurations = (
				5D21346B2BAC466C001AF220 /* Debug */,
				5D21346C2BAC466C001AF220 /* Release */,
			);
			defaultConfigurationIsVisible = 0;
			defaultConfigurationName = Release;
		};
/* End XCConfigurationList section */

/* Begin XCRemoteSwiftPackageReference section */
		5D21346D2BAC47A9001AF220 /* XCRemoteSwiftPackageReference "CombineCocoa" */ = {
			isa = XCRemoteSwiftPackageReference;
			repositoryURL = "https://github.com/CombineCommunity/CombineCocoa";
			requirement = {
				kind = upToNextMajorVersion;
				minimumVersion = 0.4.1;
			};
		};
		5D2134702BAC485C001AF220 /* XCRemoteSwiftPackageReference "SnapKit" */ = {
			isa = XCRemoteSwiftPackageReference;
			repositoryURL = "https://github.com/SnapKit/SnapKit";
			requirement = {
				kind = upToNextMajorVersion;
				minimumVersion = 5.7.1;
			};
		};
		5D2134762BAC48C5001AF220 /* XCRemoteSwiftPackageReference "swift-snapshot-testing" */ = {
			isa = XCRemoteSwiftPackageReference;
			repositoryURL = "https://github.com/pointfreeco/swift-snapshot-testing";
			requirement = {
				kind = upToNextMajorVersion;
				minimumVersion = 1.15.4;
			};
		};
/* End XCRemoteSwiftPackageReference section */

/* Begin XCSwiftPackageProductDependency section */
		5D21346E2BAC47A9001AF220 /* CombineCocoa */ = {
			isa = XCSwiftPackageProductDependency;
			package = 5D21346D2BAC47A9001AF220 /* XCRemoteSwiftPackageReference "CombineCocoa" */;
			productName = CombineCocoa;
		};
		5D2134712BAC485C001AF220 /* SnapKit */ = {
			isa = XCSwiftPackageProductDependency;
			package = 5D2134702BAC485C001AF220 /* XCRemoteSwiftPackageReference "SnapKit" */;
			productName = SnapKit;
		};
		5D2134742BAC4891001AF220 /* CombineCocoa */ = {
			isa = XCSwiftPackageProductDependency;
			package = 5D21346D2BAC47A9001AF220 /* XCRemoteSwiftPackageReference "CombineCocoa" */;
			productName = CombineCocoa;
		};
		5D2134772BAC48C5001AF220 /* SnapshotTesting */ = {
			isa = XCSwiftPackageProductDependency;
			package = 5D2134762BAC48C5001AF220 /* XCRemoteSwiftPackageReference "swift-snapshot-testing" */;
			productName = SnapshotTesting;
		};
		5D2134792BAC48DC001AF220 /* CombineCocoa */ = {
			isa = XCSwiftPackageProductDependency;
			package = 5D21346D2BAC47A9001AF220 /* XCRemoteSwiftPackageReference "CombineCocoa" */;
			productName = CombineCocoa;
		};
/* End XCSwiftPackageProductDependency section */
	};
	rootObject = 5D2134322BAC466A001AF220 /* Project object */;
}
